
Microsoft Visual Studio Solution File, Format Version 12.00
# Visual Studio Version 16
VisualStudioVersion = 16.0.30413.136
MinimumVisualStudioVersion = 10.0.40219.1
Project("{9A19103F-16F7-4668-BE54-9A1E7A4F7556}") = "SRP", "Solid\SRP.csproj", "{34A3B6F6-2082-4889-9500-33A193B04103}"
EndProject
Project("{9A19103F-16F7-4668-BE54-9A1E7A4F7556}") = "OpenClose", "OpenClose\OpenClose.csproj", "{3659D21F-F35D-4B46-9294-78C1769A3A0E}"
EndProject
Project("{FAE04EC0-301F-11D3-BF4B-00C04F79EFBC}") = "LSP", "LSP\LSP.csproj", "{0005ACF4-114B-4C50-8657-4CF29284875B}"
EndProject
Global
	GlobalSection(SolutionConfigurationPlatforms) = preSolution
		Debug|Any CPU = Debug|Any CPU
		Release|Any CPU = Release|Any CPU
	EndGlobalSection
	GlobalSection(ProjectConfigurationPlatforms) = postSolution
		{34A3B6F6-2082-4889-9500-33A193B04103}.Debug|Any CPU.ActiveCfg = Debug|Any CPU
		{34A3B6F6-2082-4889-9500-33A193B04103}.Debug|Any CPU.Build.0 = Debug|Any CPU
		{34A3B6F6-2082-4889-9500-33A193B04103}.Release|Any CPU.ActiveCfg = Release|Any CPU
		{34A3B6F6-2082-4889-9500-33A193B04103}.Release|Any CPU.Build.0 = Release|Any CPU
		{3659D21F-F35D-4B46-9294-78C1769A3A0E}.Debug|Any CPU.ActiveCfg = Debug|Any CPU
		{3659D21F-F35D-4B46-9294-78C1769A3A0E}.Debug|Any CPU.Build.0 = Debug|Any CPU
		{3659D21F-F35D-4B46-9294-78C1769A3A0E}.Release|Any CPU.ActiveCfg = Release|Any CPU
		{3659D21F-F35D-4B46-9294-78C1769A3A0E}.Release|Any CPU.Build.0 = Release|Any CPU
		{0005ACF4-114B-4C50-8657-4CF29284875B}.Debug|Any CPU.ActiveCfg = Debug|Any CPU
		{0005ACF4-114B-4C50-8657-4CF29284875B}.Debug|Any CPU.Build.0 = Debug|Any CPU
		{0005ACF4-114B-4C50-8657-4CF29284875B}.Release|Any CPU.ActiveCfg = Release|Any CPU
		{0005ACF4-114B-4C50-8657-4CF29284875B}.Release|Any CPU.Build.0 = Release|Any CPU
	EndGlobalSection
	GlobalSection(SolutionProperties) = preSolution
		HideSolutionNode = FALSE
	EndGlobalSection
	GlobalSection(ExtensibilityGlobals) = postSolution
		SolutionGuid = {A7D6FCD2-E0FF-4977-A378-DDECA212E06E}
	EndGlobalSection
EndGlobal
